github.com/MouronRoger/Eustratikon v0.1.3 h1:dHwaxFdqgb5p48rbrfSluUpFLo9v0Gkd0rP9cLZxdPQ=
github.com/MouronRoger/Eustratikon v0.1.3/go.mod h1:OwpKcLkHBLLGBSDrCRdxtCiQvjyoOge/znQy6XJr+JU=
github.com/MouronRoger/Eustratikon v0.3.0 h1:Rpup9hGjMPxkPO/YEdUSB3u97F+Zi4p/qMeClY3q/FQ=
github.com/MouronRoger/Eustratikon v0.3.0/go.mod h1:OwpKcLkHBLLGBSDrCRdxtCiQvjyoOge/znQy6XJr+JU=
gopkg.in/check.v1 v0.0.0-20161208181325-20d25e280405 h1:yhCVgyC4o1eVCa2tZl7eS0r+SDo693bJlVdllGtEeKM=
gopkg.in/check.v1 v0.0.0-20161208181325-20d25e280405/go.mod h1:Co6ibVJAznAaIkqp8huTwlJQCZ016jof/cbN4VW5Yz0=
gopkg.in/yaml.v3 v3.0.1 h1:fxVm/GzAzEWqLHuvctI91KS9hhNmmWOoWu0XTYJS7CA=
gopkg.in/yaml.v3 v3.0.1/go.mod h1:K4uyk7z7BCEPqu6E+C64Yfv1cQ7kz7rIZviUmN+EgEM=
